
Microsoft Visual Studio Solution File, Format Version 12.00
# Visual Studio Version 17
VisualStudioVersion = 17.14.37111.16 d17.14
MinimumVisualStudioVersion = 10.0.40219.1
Project("{FAE04EC0-301F-11D3-BF4B-00C04F79EFBC}") = "Zad-1", "Zad-1\Zad-1.csproj", "{A50E6BC8-BF67-43F0-9613-0EE8BB31FEDE}"
EndProject
Global
	GlobalSection(SolutionConfigurationPlatforms) = preSolution
		Debug|Any CPU = Debug|Any CPU
		Release|Any CPU = Release|Any CPU
	EndGlobalSection
	GlobalSection(ProjectConfigurationPlatforms) = postSolution
		{A50E6BC8-BF67-43F0-9613-0EE8BB31FEDE}.Debug|Any CPU.ActiveCfg = Debug|Any CPU
		{A50E6BC8-BF67-43F0-9613-0EE8BB31FEDE}.Debug|Any CPU.Build.0 = Debug|Any CPU
		{A50E6BC8-BF67-43F0-9613-0EE8BB31FEDE}.Release|Any CPU.ActiveCfg = Release|Any CPU
		{A50E6BC8-BF67-43F0-9613-0EE8BB31FEDE}.Release|Any CPU.Build.0 = Release|Any CPU
	EndGlobalSection
	GlobalSection(SolutionProperties) = preSolution
		HideSolutionNode = FALSE
	EndGlobalSection
	GlobalSection(ExtensibilityGlobals) = postSolution
		SolutionGuid = {30AE5480-E1E4-461A-A069-728043A74C94}
	EndGlobalSection
EndGlobal
